
Microsoft Visual Studio Solution File, Format Version 12.00
# Visual Studio Version 16
VisualStudioVersion = 16.0.30114.105
MinimumVisualStudioVersion = 10.0.40219.1
Project("{2150E333-8FDC-42A3-9474-1A3956D46DE8}") = "Catalog", "Catalog", "{50781CA1-E52B-4A58-803B-B6CB4F829E67}"
EndProject
Project("{FAE04EC0-301F-11D3-BF4B-00C04F79EFBC}") = "Catalog.API", "Services\Catalog\Catalog.API\Catalog.API.csproj", "{E54D8364-63FC-4547-AA50-C58DB5E16E26}"
EndProject
Project("{2150E333-8FDC-42A3-9474-1A3956D46DE8}") = "Services", "Services", "{3BC033E3-A310-49BB-B38E-9BD45C828AF0}"
EndProject
Project("{2150E333-8FDC-42A3-9474-1A3956D46DE8}") = "Basket", "Basket", "{2EF59513-EE6A-4B35-825A-B8FD32A94678}"
EndProject
Project("{FAE04EC0-301F-11D3-BF4B-00C04F79EFBC}") = "Basket.API", "Services\Basket\Basket.API\Basket.API.csproj", "{26B15C1A-DDAA-411E-9B36-D6AC21FA4050}"
EndProject
Project("{2150E333-8FDC-42A3-9474-1A3956D46DE8}") = "Discount", "Discount", "{0F670356-542E-4DF9-B122-62492B5D0072}"
EndProject
Project("{FAE04EC0-301F-11D3-BF4B-00C04F79EFBC}") = "Discount.API", "Services\Discount\Discount.API\Discount.API.csproj", "{44A38DD3-F35B-4978-9967-A830EC0EA0BC}"
EndProject
Global
	GlobalSection(SolutionProperties) = preSolution
		HideSolutionNode = FALSE
	EndGlobalSection
	GlobalSection(SolutionConfigurationPlatforms) = preSolution
		Debug|Any CPU = Debug|Any CPU
		Debug|x64 = Debug|x64
		Debug|x86 = Debug|x86
		Release|Any CPU = Release|Any CPU
		Release|x64 = Release|x64
		Release|x86 = Release|x86
	EndGlobalSection
	GlobalSection(ProjectConfigurationPlatforms) = postSolution
		{E54D8364-63FC-4547-AA50-C58DB5E16E26}.Debug|Any CPU.ActiveCfg = Debug|Any CPU
		{E54D8364-63FC-4547-AA50-C58DB5E16E26}.Debug|Any CPU.Build.0 = Debug|Any CPU
		{E54D8364-63FC-4547-AA50-C58DB5E16E26}.Debug|x64.ActiveCfg = Debug|Any CPU
		{E54D8364-63FC-4547-AA50-C58DB5E16E26}.Debug|x64.Build.0 = Debug|Any CPU
		{E54D8364-63FC-4547-AA50-C58DB5E16E26}.Debug|x86.ActiveCfg = Debug|Any CPU
		{E54D8364-63FC-4547-AA50-C58DB5E16E26}.Debug|x86.Build.0 = Debug|Any CPU
		{E54D8364-63FC-4547-AA50-C58DB5E16E26}.Release|Any CPU.ActiveCfg = Release|Any CPU
		{E54D8364-63FC-4547-AA50-C58DB5E16E26}.Release|Any CPU.Build.0 = Release|Any CPU
		{E54D8364-63FC-4547-AA50-C58DB5E16E26}.Release|x64.ActiveCfg = Release|Any CPU
		{E54D8364-63FC-4547-AA50-C58DB5E16E26}.Release|x64.Build.0 = Release|Any CPU
		{E54D8364-63FC-4547-AA50-C58DB5E16E26}.Release|x86.ActiveCfg = Release|Any CPU
		{E54D8364-63FC-4547-AA50-C58DB5E16E26}.Release|x86.Build.0 = Release|Any CPU
		{26B15C1A-DDAA-411E-9B36-D6AC21FA4050}.Debug|Any CPU.ActiveCfg = Debug|Any CPU
		{26B15C1A-DDAA-411E-9B36-D6AC21FA4050}.Debug|Any CPU.Build.0 = Debug|Any CPU
		{26B15C1A-DDAA-411E-9B36-D6AC21FA4050}.Debug|x64.ActiveCfg = Debug|Any CPU
		{26B15C1A-DDAA-411E-9B36-D6AC21FA4050}.Debug|x64.Build.0 = Debug|Any CPU
		{26B15C1A-DDAA-411E-9B36-D6AC21FA4050}.Debug|x86.ActiveCfg = Debug|Any CPU
		{26B15C1A-DDAA-411E-9B36-D6AC21FA4050}.Debug|x86.Build.0 = Debug|Any CPU
		{26B15C1A-DDAA-411E-9B36-D6AC21FA4050}.Release|Any CPU.ActiveCfg = Release|Any CPU
		{26B15C1A-DDAA-411E-9B36-D6AC21FA4050}.Release|Any CPU.Build.0 = Release|Any CPU
		{26B15C1A-DDAA-411E-9B36-D6AC21FA4050}.Release|x64.ActiveCfg = Release|Any CPU
		{26B15C1A-DDAA-411E-9B36-D6AC21FA4050}.Release|x64.Build.0 = Release|Any CPU
		{26B15C1A-DDAA-411E-9B36-D6AC21FA4050}.Release|x86.ActiveCfg = Release|Any CPU
		{26B15C1A-DDAA-411E-9B36-D6AC21FA4050}.Release|x86.Build.0 = Release|Any CPU
		{44A38DD3-F35B-4978-9967-A830EC0EA0BC}.Debug|Any CPU.ActiveCfg = Debug|Any CPU
		{44A38DD3-F35B-4978-9967-A830EC0EA0BC}.Debug|Any CPU.Build.0 = Debug|Any CPU
		{44A38DD3-F35B-4978-9967-A830EC0EA0BC}.Debug|x64.ActiveCfg = Debug|Any CPU
		{44A38DD3-F35B-4978-9967-A830EC0EA0BC}.Debug|x64.Build.0 = Debug|Any CPU
		{44A38DD3-F35B-4978-9967-A830EC0EA0BC}.Debug|x86.ActiveCfg = Debug|Any CPU
		{44A38DD3-F35B-4978-9967-A830EC0EA0BC}.Debug|x86.Build.0 = Debug|Any CPU
		{44A38DD3-F35B-4978-9967-A830EC0EA0BC}.Release|Any CPU.ActiveCfg = Release|Any CPU
		{44A38DD3-F35B-4978-9967-A830EC0EA0BC}.Release|Any CPU.Build.0 = Release|Any CPU
		{44A38DD3-F35B-4978-9967-A830EC0EA0BC}.Release|x64.ActiveCfg = Release|Any CPU
		{44A38DD3-F35B-4978-9967-A830EC0EA0BC}.Release|x64.Build.0 = Release|Any CPU
		{44A38DD3-F35B-4978-9967-A830EC0EA0BC}.Release|x86.ActiveCfg = Release|Any CPU
		{44A38DD3-F35B-4978-9967-A830EC0EA0BC}.Release|x86.Build.0 = Release|Any CPU
	EndGlobalSection
	GlobalSection(NestedProjects) = preSolution
		{E54D8364-63FC-4547-AA50-C58DB5E16E26} = {50781CA1-E52B-4A58-803B-B6CB4F829E67}
		{2EF59513-EE6A-4B35-825A-B8FD32A94678} = {3BC033E3-A310-49BB-B38E-9BD45C828AF0}
		{26B15C1A-DDAA-411E-9B36-D6AC21FA4050} = {2EF59513-EE6A-4B35-825A-B8FD32A94678}
		{0F670356-542E-4DF9-B122-62492B5D0072} = {3BC033E3-A310-49BB-B38E-9BD45C828AF0}
		{44A38DD3-F35B-4978-9967-A830EC0EA0BC} = {0F670356-542E-4DF9-B122-62492B5D0072}
	EndGlobalSection
EndGlobal
